// !$*UTF8*$!
{
	archiveVersion = 1;
	classes = {
	};
	objectVersion = 48;
	objects = {

/* Begin PBXBuildFile section */
		035DD423D254554C6F7FB89A /* Pods_YakTests.framework in Frameworks */ = {isa = PBXBuildFile; fileRef = CD9C496DE903B4E6B6E5A12D /* Pods_YakTests.framework */; };
		07B43BFE42D7B801F8A9D80C /* Pods_Yak_YakUITests.framework in Frameworks */ = {isa = PBXBuildFile; fileRef = 11F9403C799C3BC6773D9C0B /* Pods_Yak_YakUITests.framework */; };
		5E17FDF71F2CB17500FF3642 /* LoginVCView.swift in Sources */ = {isa = PBXBuildFile; fileRef = 5E17FDF61F2CB17500FF3642 /* LoginVCView.swift */; };
		5E17FDF91F2CB42400FF3642 /* FloatingTextFeild.swift in Sources */ = {isa = PBXBuildFile; fileRef = 5E17FDF81F2CB42400FF3642 /* FloatingTextFeild.swift */; };
		5E17FDFB1F2CC6E900FF3642 /* RegisterVC.swift in Sources */ = {isa = PBXBuildFile; fileRef = 5E17FDFA1F2CC6E900FF3642 /* RegisterVC.swift */; };
		5E2231351F2C6C15006DBB17 /* GradientView.swift in Sources */ = {isa = PBXBuildFile; fileRef = 5E2231341F2C6C15006DBB17 /* GradientView.swift */; };
		5E2231381F2C75A9006DBB17 /* Constants.swift in Sources */ = {isa = PBXBuildFile; fileRef = 5E2231371F2C75A9006DBB17 /* Constants.swift */; };
		5E22313A1F2C7B98006DBB17 /* Extension.swift in Sources */ = {isa = PBXBuildFile; fileRef = 5E2231391F2C7B98006DBB17 /* Extension.swift */; };
		5E5AD7EB1F2ABF0900C47EE0 /* AppDelegate.swift in Sources */ = {isa = PBXBuildFile; fileRef = 5E5AD7EA1F2ABF0900C47EE0 /* AppDelegate.swift */; };
		5E5AD7ED1F2ABF0900C47EE0 /* ViewController.swift in Sources */ = {isa = PBXBuildFile; fileRef = 5E5AD7EC1F2ABF0900C47EE0 /* ViewController.swift */; };
		5E5AD7F01F2ABF0900C47EE0 /* Main.storyboard in Resources */ = {isa = PBXBuildFile; fileRef = 5E5AD7EE1F2ABF0900C47EE0 /* Main.storyboard */; };
		5E5AD7F21F2ABF0900C47EE0 /* Assets.xcassets in Resources */ = {isa = PBXBuildFile; fileRef = 5E5AD7F11F2ABF0900C47EE0 /* Assets.xcassets */; };
		5E5AD7F51F2ABF0900C47EE0 /* LaunchScreen.storyboard in Resources */ = {isa = PBXBuildFile; fileRef = 5E5AD7F31F2ABF0900C47EE0 /* LaunchScreen.storyboard */; };
		5E5AD8001F2ABF0900C47EE0 /* YakTests.swift in Sources */ = {isa = PBXBuildFile; fileRef = 5E5AD7FF1F2ABF0900C47EE0 /* YakTests.swift */; };
		5E5AD80B1F2ABF0900C47EE0 /* YakUITests.swift in Sources */ = {isa = PBXBuildFile; fileRef = 5E5AD80A1F2ABF0900C47EE0 /* YakUITests.swift */; };
		5E5DD9961F2C599200A5BBFD /* SWRevealViewController.m in Sources */ = {isa = PBXBuildFile; fileRef = 5E5DD9951F2C599100A5BBFD /* SWRevealViewController.m */; };
		5E5DD99B1F2C5C5200A5BBFD /* ChatVC.swift in Sources */ = {isa = PBXBuildFile; fileRef = 5E5DD99A1F2C5C5200A5BBFD /* ChatVC.swift */; };
		5E5DD99D1F2C5C6400A5BBFD /* ChannelVC.swift in Sources */ = {isa = PBXBuildFile; fileRef = 5E5DD99C1F2C5C6400A5BBFD /* ChannelVC.swift */; };
		7A01AE4D10875FCC08943FC8 /* Pods_Yak.framework in Frameworks */ = {isa = PBXBuildFile; fileRef = D6F9C280F1563924C30BCBD9 /* Pods_Yak.framework */; };
/* End PBXBuildFile section */

/* Begin PBXContainerItemProxy section */
		5E5AD7FC1F2ABF0900C47EE0 /* PBXContainerItemProxy */ = {
			isa = PBXContainerItemProxy;
			containerPortal = 5E5AD7DF1F2ABF0900C47EE0 /* Project object */;
			proxyType = 1;
			remoteGlobalIDString = 5E5AD7E61F2ABF0900C47EE0;
			remoteInfo = Yak;
		};
		5E5AD8071F2ABF0900C47EE0 /* PBXContainerItemProxy */ = {
			isa = PBXContainerItemProxy;
			containerPortal = 5E5AD7DF1F2ABF0900C47EE0 /* Project object */;
			proxyType = 1;
			remoteGlobalIDString = 5E5AD7E61F2ABF0900C47EE0;
			remoteInfo = Yak;
		};
/* End PBXContainerItemProxy section */

/* Begin PBXFileReference section */
		0F6F0BBC760D2CB0ABB4AB5E /* Pods-Yak-YakUITests.release.xcconfig */ = {isa = PBXFileReference; includeInIndex = 1; lastKnownFileType = text.xcconfig; name = "Pods-Yak-YakUITests.release.xcconfig"; path = "Pods/Target Support Files/Pods-Yak-YakUITests/Pods-Yak-YakUITests.release.xcconfig"; sourceTree = "<group>"; };
		11F9403C799C3BC6773D9C0B /* Pods_Yak_YakUITests.framework */ = {isa = PBXFileReference; explicitFileType = wrapper.framework; includeInIndex = 0; path = Pods_Yak_YakUITests.framework; sourceTree = BUILT_PRODUCTS_DIR; };
		53B398DB8ADF3EE7DF7F6292 /* Pods-Yak.release.xcconfig */ = {isa = PBXFileReference; includeInIndex = 1; lastKnownFileType = text.xcconfig; name = "Pods-Yak.release.xcconfig"; path = "Pods/Target Support Files/Pods-Yak/Pods-Yak.release.xcconfig"; sourceTree = "<group>"; };
		5695D5086F7DA50C30E90B85 /* Pods-Yak.debug.xcconfig */ = {isa = PBXFileReference; includeInIndex = 1; lastKnownFileType = text.xcconfig; name = "Pods-Yak.debug.xcconfig"; path = "Pods/Target Support Files/Pods-Yak/Pods-Yak.debug.xcconfig"; sourceTree = "<group>"; };
		5E17FDF61F2CB17500FF3642 /* LoginVCView.swift */ = {isa = PBXFileReference; lastKnownFileType = sourcecode.swift; path = LoginVCView.swift; sourceTree = "<group>"; };
		5E17FDF81F2CB42400FF3642 /* FloatingTextFeild.swift */ = {isa = PBXFileReference; lastKnownFileType = sourcecode.swift; path = FloatingTextFeild.swift; sourceTree = "<group>"; };
		5E17FDFA1F2CC6E900FF3642 /* RegisterVC.swift */ = {isa = PBXFileReference; lastKnownFileType = sourcecode.swift; path = RegisterVC.swift; sourceTree = "<group>"; };
		5E2231341F2C6C15006DBB17 /* GradientView.swift */ = {isa = PBXFileReference; lastKnownFileType = sourcecode.swift; path = GradientView.swift; sourceTree = "<group>"; };
		5E2231371F2C75A9006DBB17 /* Constants.swift */ = {isa = PBXFileReference; lastKnownFileType = sourcecode.swift; path = Constants.swift; sourceTree = "<group>"; };
		5E2231391F2C7B98006DBB17 /* Extension.swift */ = {isa = PBXFileReference; lastKnownFileType = sourcecode.swift; path = Extension.swift; sourceTree = "<group>"; };
		5E5AD7E71F2ABF0900C47EE0 /* Yak.app */ = {isa = PBXFileReference; explicitFileType = wrapper.application; includeInIndex = 0; path = Yak.app; sourceTree = BUILT_PRODUCTS_DIR; };
		5E5AD7EA1F2ABF0900C47EE0 /* AppDelegate.swift */ = {isa = PBXFileReference; lastKnownFileType = sourcecode.swift; path = AppDelegate.swift; sourceTree = "<group>"; };
		5E5AD7EC1F2ABF0900C47EE0 /* ViewController.swift */ = {isa = PBXFileReference; lastKnownFileType = sourcecode.swift; path = ViewController.swift; sourceTree = "<group>"; };
		5E5AD7EF1F2ABF0900C47EE0 /* Base */ = {isa = PBXFileReference; lastKnownFileType = file.storyboard; name = Base; path = Base.lproj/Main.storyboard; sourceTree = "<group>"; };
		5E5AD7F11F2ABF0900C47EE0 /* Assets.xcassets */ = {isa = PBXFileReference; lastKnownFileType = folder.assetcatalog; path = Assets.xcassets; sourceTree = "<group>"; };
		5E5AD7F41F2ABF0900C47EE0 /* Base */ = {isa = PBXFileReference; lastKnownFileType = file.storyboard; name = Base; path = Base.lproj/LaunchScreen.storyboard; sourceTree = "<group>"; };
		5E5AD7F61F2ABF0900C47EE0 /* Info.plist */ = {isa = PBXFileReference; lastKnownFileType = text.plist.xml; path = Info.plist; sourceTree = "<group>"; };
		5E5AD7FB1F2ABF0900C47EE0 /* YakTests.xctest */ = {isa = PBXFileReference; explicitFileType = wrapper.cfbundle; includeInIndex = 0; path = YakTests.xctest; sourceTree = BUILT_PRODUCTS_DIR; };
		5E5AD7FF1F2ABF0900C47EE0 /* YakTests.swift */ = {isa = PBXFileReference; lastKnownFileType = sourcecode.swift; path = YakTests.swift; sourceTree = "<group>"; };
		5E5AD8011F2ABF0900C47EE0 /* Info.plist */ = {isa = PBXFileReference; lastKnownFileType = text.plist.xml; path = Info.plist; sourceTree = "<group>"; };
		5E5AD8061F2ABF0900C47EE0 /* YakUITests.xctest */ = {isa = PBXFileReference; explicitFileType = wrapper.cfbundle; includeInIndex = 0; path = YakUITests.xctest; sourceTree = BUILT_PRODUCTS_DIR; };
		5E5AD80A1F2ABF0900C47EE0 /* YakUITests.swift */ = {isa = PBXFileReference; lastKnownFileType = sourcecode.swift; path = YakUITests.swift; sourceTree = "<group>"; };
		5E5AD80C1F2ABF0900C47EE0 /* Info.plist */ = {isa = PBXFileReference; lastKnownFileType = text.plist.xml; path = Info.plist; sourceTree = "<group>"; };
		5E5DD9931F2C599000A5BBFD /* Yak-Bridging-Header.h */ = {isa = PBXFileReference; lastKnownFileType = sourcecode.c.h; path = "Yak-Bridging-Header.h"; sourceTree = "<group>"; };
		5E5DD9941F2C599100A5BBFD /* SWRevealViewController.h */ = {isa = PBXFileReference; fileEncoding = 4; lastKnownFileType = sourcecode.c.h; name = SWRevealViewController.h; path = "../../../Downloads/Smack Assets/SWReveal/SWRevealViewController.h"; sourceTree = "<group>"; };
		5E5DD9951F2C599100A5BBFD /* SWRevealViewController.m */ = {isa = PBXFileReference; fileEncoding = 4; lastKnownFileType = sourcecode.c.objc; name = SWRevealViewController.m; path = "../../../Downloads/Smack Assets/SWReveal/SWRevealViewController.m"; sourceTree = "<group>"; };
		5E5DD99A1F2C5C5200A5BBFD /* ChatVC.swift */ = {isa = PBXFileReference; lastKnownFileType = sourcecode.swift; path = ChatVC.swift; sourceTree = "<group>"; };
		5E5DD99C1F2C5C6400A5BBFD /* ChannelVC.swift */ = {isa = PBXFileReference; lastKnownFileType = sourcecode.swift; path = ChannelVC.swift; sourceTree = "<group>"; };
		6AC45C82ECBF1FBC08B2B1E5 /* Pods-YakTests.debug.xcconfig */ = {isa = PBXFileReference; includeInIndex = 1; lastKnownFileType = text.xcconfig; name = "Pods-YakTests.debug.xcconfig"; path = "Pods/Target Support Files/Pods-YakTests/Pods-YakTests.debug.xcconfig"; sourceTree = "<group>"; };
		A025D3DAC03E18424E247D76 /* Pods-Yak-YakUITests.debug.xcconfig */ = {isa = PBXFileReference; includeInIndex = 1; lastKnownFileType = text.xcconfig; name = "Pods-Yak-YakUITests.debug.xcconfig"; path = "Pods/Target Support Files/Pods-Yak-YakUITests/Pods-Yak-YakUITests.debug.xcconfig"; sourceTree = "<group>"; };
		CD9C496DE903B4E6B6E5A12D /* Pods_YakTests.framework */ = {isa = PBXFileReference; explicitFileType = wrapper.framework; includeInIndex = 0; path = Pods_YakTests.framework; sourceTree = BUILT_PRODUCTS_DIR; };
		D6F9C280F1563924C30BCBD9 /* Pods_Yak.framework */ = {isa = PBXFileReference; explicitFileType = wrapper.framework; includeInIndex = 0; path = Pods_Yak.framework; sourceTree = BUILT_PRODUCTS_DIR; };
		E9603F97F71C3D62436A229D /* Pods-YakTests.release.xcconfig */ = {isa = PBXFileReference; includeInIndex = 1; lastKnownFileType = text.xcconfig; name = "Pods-YakTests.release.xcconfig"; path = "Pods/Target Support Files/Pods-YakTests/Pods-YakTests.release.xcconfig"; sourceTree = "<group>"; };
/* End PBXFileReference section */

/* Begin PBXFrameworksBuildPhase section */
		5E5AD7E41F2ABF0900C47EE0 /* Frameworks */ = {
			isa = PBXFrameworksBuildPhase;
			buildActionMask = 2147483647;
			files = (
				7A01AE4D10875FCC08943FC8 /* Pods_Yak.framework in Frameworks */,
			);
			runOnlyForDeploymentPostprocessing = 0;
		};
		5E5AD7F81F2ABF0900C47EE0 /* Frameworks */ = {
			isa = PBXFrameworksBuildPhase;
			buildActionMask = 2147483647;
			files = (
				035DD423D254554C6F7FB89A /* Pods_YakTests.framework in Frameworks */,
			);
			runOnlyForDeploymentPostprocessing = 0;
		};
		5E5AD8031F2ABF0900C47EE0 /* Frameworks */ = {
			isa = PBXFrameworksBuildPhase;
			buildActionMask = 2147483647;
			files = (
				07B43BFE42D7B801F8A9D80C /* Pods_Yak_YakUITests.framework in Frameworks */,
			);
			runOnlyForDeploymentPostprocessing = 0;
		};
/* End PBXFrameworksBuildPhase section */

/* Begin PBXGroup section */
		1E19517C9065A6B256FB6B78 /* Frameworks */ = {
			isa = PBXGroup;
			children = (
				D6F9C280F1563924C30BCBD9 /* Pods_Yak.framework */,
				11F9403C799C3BC6773D9C0B /* Pods_Yak_YakUITests.framework */,
				CD9C496DE903B4E6B6E5A12D /* Pods_YakTests.framework */,
			);
			name = Frameworks;
			sourceTree = "<group>";
		};
		5E2231361F2C7593006DBB17 /* Utils */ = {
			isa = PBXGroup;
			children = (
				5E2231371F2C75A9006DBB17 /* Constants.swift */,
				5E2231391F2C7B98006DBB17 /* Extension.swift */,
			);
			path = Utils;
			sourceTree = "<group>";
		};
		5E5AD7DE1F2ABF0900C47EE0 = {
			isa = PBXGroup;
			children = (
				5E5DD9941F2C599100A5BBFD /* SWRevealViewController.h */,
				5E5DD9951F2C599100A5BBFD /* SWRevealViewController.m */,
				5E5AD7E91F2ABF0900C47EE0 /* Yak */,
				5E5AD7FE1F2ABF0900C47EE0 /* YakTests */,
				5E5AD8091F2ABF0900C47EE0 /* YakUITests */,
				5E5AD7E81F2ABF0900C47EE0 /* Products */,
				A83455173A46A3F0C0FB4CBA /* Pods */,
				1E19517C9065A6B256FB6B78 /* Frameworks */,
				5E5DD9931F2C599000A5BBFD /* Yak-Bridging-Header.h */,
			);
			sourceTree = "<group>";
		};
		5E5AD7E81F2ABF0900C47EE0 /* Products */ = {
			isa = PBXGroup;
			children = (
				5E5AD7E71F2ABF0900C47EE0 /* Yak.app */,
				5E5AD7FB1F2ABF0900C47EE0 /* YakTests.xctest */,
				5E5AD8061F2ABF0900C47EE0 /* YakUITests.xctest */,
			);
			name = Products;
			sourceTree = "<group>";
		};
		5E5AD7E91F2ABF0900C47EE0 /* Yak */ = {
			isa = PBXGroup;
			children = (
				5E2231361F2C7593006DBB17 /* Utils */,
				5E5DD9971F2C5C0E00A5BBFD /* Model */,
				5E5DD9991F2C5C2B00A5BBFD /* View */,
				5E5DD9981F2C5C1E00A5BBFD /* Controller */,
				5E5AD7EA1F2ABF0900C47EE0 /* AppDelegate.swift */,
				5E5AD7EE1F2ABF0900C47EE0 /* Main.storyboard */,
				5E5AD7F11F2ABF0900C47EE0 /* Assets.xcassets */,
				5E5AD7F31F2ABF0900C47EE0 /* LaunchScreen.storyboard */,
				5E5AD7F61F2ABF0900C47EE0 /* Info.plist */,
			);
			path = Yak;
			sourceTree = "<group>";
		};
		5E5AD7FE1F2ABF0900C47EE0 /* YakTests */ = {
			isa = PBXGroup;
			children = (
				5E5AD7FF1F2ABF0900C47EE0 /* YakTests.swift */,
				5E5AD8011F2ABF0900C47EE0 /* Info.plist */,
			);
			path = YakTests;
			sourceTree = "<group>";
		};
		5E5AD8091F2ABF0900C47EE0 /* YakUITests */ = {
			isa = PBXGroup;
			children = (
				5E5AD80A1F2ABF0900C47EE0 /* YakUITests.swift */,
				5E5AD80C1F2ABF0900C47EE0 /* Info.plist */,
			);
			path = YakUITests;
			sourceTree = "<group>";
		};
		5E5DD9971F2C5C0E00A5BBFD /* Model */ = {
			isa = PBXGroup;
			children = (
			);
			path = Model;
			sourceTree = "<group>";
		};
		5E5DD9981F2C5C1E00A5BBFD /* Controller */ = {
			isa = PBXGroup;
			children = (
				5E5AD7EC1F2ABF0900C47EE0 /* ViewController.swift */,
				5E5DD99A1F2C5C5200A5BBFD /* ChatVC.swift */,
				5E5DD99C1F2C5C6400A5BBFD /* ChannelVC.swift */,
				5E17FDF61F2CB17500FF3642 /* LoginVCView.swift */,
				5E17FDFA1F2CC6E900FF3642 /* RegisterVC.swift */,
			);
			path = Controller;
			sourceTree = "<group>";
		};
		5E5DD9991F2C5C2B00A5BBFD /* View */ = {
			isa = PBXGroup;
			children = (
				5E2231341F2C6C15006DBB17 /* GradientView.swift */,
				5E17FDF81F2CB42400FF3642 /* FloatingTextFeild.swift */,
			);
			path = View;
			sourceTree = "<group>";
		};
		A83455173A46A3F0C0FB4CBA /* Pods */ = {
			isa = PBXGroup;
			children = (
				5695D5086F7DA50C30E90B85 /* Pods-Yak.debug.xcconfig */,
				53B398DB8ADF3EE7DF7F6292 /* Pods-Yak.release.xcconfig */,
				A025D3DAC03E18424E247D76 /* Pods-Yak-YakUITests.debug.xcconfig */,
				0F6F0BBC760D2CB0ABB4AB5E /* Pods-Yak-YakUITests.release.xcconfig */,
				6AC45C82ECBF1FBC08B2B1E5 /* Pods-YakTests.debug.xcconfig */,
				E9603F97F71C3D62436A229D /* Pods-YakTests.release.xcconfig */,
			);
			name = Pods;
			sourceTree = "<group>";
		};
/* End PBXGroup section */

/* Begin PBXNativeTarget section */
		5E5AD7E61F2ABF0900C47EE0 /* Yak */ = {
			isa = PBXNativeTarget;
			buildConfigurationList = 5E5AD80F1F2ABF0900C47EE0 /* Build configuration list for PBXNativeTarget "Yak" */;
			buildPhases = (
				16120DE08B85ABDD0DEC235A /* [CP] Check Pods Manifest.lock */,
				5E5AD7E31F2ABF0900C47EE0 /* Sources */,
				5E5AD7E41F2ABF0900C47EE0 /* Frameworks */,
				5E5AD7E51F2ABF0900C47EE0 /* Resources */,
				BE6800A545986A2171C3AFA4 /* [CP] Embed Pods Frameworks */,
				29C2B36183F6FC45670E500C /* [CP] Copy Pods Resources */,
			);
			buildRules = (
			);
			dependencies = (
			);
			name = Yak;
			productName = Yak;
			productReference = 5E5AD7E71F2ABF0900C47EE0 /* Yak.app */;
			productType = "com.apple.product-type.application";
		};
		5E5AD7FA1F2ABF0900C47EE0 /* YakTests */ = {
			isa = PBXNativeTarget;
			buildConfigurationList = 5E5AD8121F2ABF0900C47EE0 /* Build configuration list for PBXNativeTarget "YakTests" */;
			buildPhases = (
				B557E56C37439C407F0146CC /* [CP] Check Pods Manifest.lock */,
				5E5AD7F71F2ABF0900C47EE0 /* Sources */,
				5E5AD7F81F2ABF0900C47EE0 /* Frameworks */,
				5E5AD7F91F2ABF0900C47EE0 /* Resources */,
				E857226BF9D6B7521291AD8B /* [CP] Embed Pods Frameworks */,
				86F35E5502532DA00D6E7548 /* [CP] Copy Pods Resources */,
			);
			buildRules = (
			);
			dependencies = (
				5E5AD7FD1F2ABF0900C47EE0 /* PBXTargetDependency */,
			);
			name = YakTests;
			productName = YakTests;
			productReference = 5E5AD7FB1F2ABF0900C47EE0 /* YakTests.xctest */;
			productType = "com.apple.product-type.bundle.unit-test";
		};
		5E5AD8051F2ABF0900C47EE0 /* YakUITests */ = {
			isa = PBXNativeTarget;
			buildConfigurationList = 5E5AD8151F2ABF0900C47EE0 /* Build configuration list for PBXNativeTarget "YakUITests" */;
			buildPhases = (
				F4F047CC8F60D31A43858C37 /* [CP] Check Pods Manifest.lock */,
				5E5AD8021F2ABF0900C47EE0 /* Sources */,
				5E5AD8031F2ABF0900C47EE0 /* Frameworks */,
				5E5AD8041F2ABF0900C47EE0 /* Resources */,
				25DBFA05900A0DCD7AA9D55A /* [CP] Embed Pods Frameworks */,
				005EEF69DEFD5F96B0299E6E /* [CP] Copy Pods Resources */,
			);
			buildRules = (
			);
			dependencies = (
				5E5AD8081F2ABF0900C47EE0 /* PBXTargetDependency */,
			);
			name = YakUITests;
			productName = YakUITests;
			productReference = 5E5AD8061F2ABF0900C47EE0 /* YakUITests.xctest */;
			productType = "com.apple.product-type.bundle.ui-testing";
		};
/* End PBXNativeTarget section */

/* Begin PBXProject section */
		5E5AD7DF1F2ABF0900C47EE0 /* Project object */ = {
			isa = PBXProject;
			attributes = {
				LastSwiftUpdateCheck = 0900;
				LastUpgradeCheck = 0900;
				ORGANIZATIONNAME = "George Kapoya";
				TargetAttributes = {
					5E5AD7E61F2ABF0900C47EE0 = {
						CreatedOnToolsVersion = 9.0;
						LastSwiftMigration = 0900;
					};
					5E5AD7FA1F2ABF0900C47EE0 = {
						CreatedOnToolsVersion = 9.0;
						LastSwiftMigration = 0900;
						TestTargetID = 5E5AD7E61F2ABF0900C47EE0;
					};
					5E5AD8051F2ABF0900C47EE0 = {
						CreatedOnToolsVersion = 9.0;
						LastSwiftMigration = 0900;
						TestTargetID = 5E5AD7E61F2ABF0900C47EE0;
					};
				};
			};
			buildConfigurationList = 5E5AD7E21F2ABF0900C47EE0 /* Build configuration list for PBXProject "Yak" */;
			compatibilityVersion = "Xcode 8.0";
			developmentRegion = en;
			hasScannedForEncodings = 0;
			knownRegions = (
				en,
				Base,
			);
			mainGroup = 5E5AD7DE1F2ABF0900C47EE0;
			productRefGroup = 5E5AD7E81F2ABF0900C47EE0 /* Products */;
			projectDirPath = "";
			projectRoot = "";
			targets = (
				5E5AD7E61F2ABF0900C47EE0 /* Yak */,
				5E5AD7FA1F2ABF0900C47EE0 /* YakTests */,
				5E5AD8051F2ABF0900C47EE0 /* YakUITests */,
			);
		};
/* End PBXProject section */

/* Begin PBXResourcesBuildPhase section */
		5E5AD7E51F2ABF0900C47EE0 /* Resources */ = {
			isa = PBXResourcesBuildPhase;
			buildActionMask = 2147483647;
			files = (
				5E5AD7F51F2ABF0900C47EE0 /* LaunchScreen.storyboard in Resources */,
				5E5AD7F21F2ABF0900C47EE0 /* Assets.xcassets in Resources */,
				5E5AD7F01F2ABF0900C47EE0 /* Main.storyboard in Resources */,
			);
			runOnlyForDeploymentPostprocessing = 0;
		};
		5E5AD7F91F2ABF0900C47EE0 /* Resources */ = {
			isa = PBXResourcesBuildPhase;
			buildActionMask = 2147483647;
			files = (
			);
			runOnlyForDeploymentPostprocessing = 0;
		};
		5E5AD8041F2ABF0900C47EE0 /* Resources */ = {
			isa = PBXResourcesBuildPhase;
			buildActionMask = 2147483647;
			files = (
			);
			runOnlyForDeploymentPostprocessing = 0;
		};
/* End PBXResourcesBuildPhase section */

/* Begin PBXShellScriptBuildPhase section */
		005EEF69DEFD5F96B0299E6E /* [CP] Copy Pods Resources */ = {
			isa = PBXShellScriptBuildPhase;
			buildActionMask = 2147483647;
			files = (
			);
			inputPaths = (
			);
			name = "[CP] Copy Pods Resources";
			outputPaths = (
			);
			runOnlyForDeploymentPostprocessing = 0;
			shellPath = /bin/sh;
			shellScript = "\"${SRCROOT}/Pods/Target Support Files/Pods-Yak-YakUITests/Pods-Yak-YakUITests-resources.sh\"\n";
			showEnvVarsInLog = 0;
		};
		16120DE08B85ABDD0DEC235A /* [CP] Check Pods Manifest.lock */ = {
			isa = PBXShellScriptBuildPhase;
			buildActionMask = 2147483647;
			files = (
			);
			inputPaths = (
			);
			name = "[CP] Check Pods Manifest.lock";
			outputPaths = (
			);
			runOnlyForDeploymentPostprocessing = 0;
			shellPath = /bin/sh;
			shellScript = "diff \"${PODS_PODFILE_DIR_PATH}/Podfile.lock\" \"${PODS_ROOT}/Manifest.lock\" > /dev/null\nif [ $? != 0 ] ; then\n    # print error to STDERR\n    echo \"error: The sandbox is not in sync with the Podfile.lock. Run 'pod install' or update your CocoaPods installation.\" >&2\n    exit 1\nfi\n";
			showEnvVarsInLog = 0;
		};
		25DBFA05900A0DCD7AA9D55A /* [CP] Embed Pods Frameworks */ = {
			isa = PBXShellScriptBuildPhase;
			buildActionMask = 2147483647;
			files = (
			);
			inputPaths = (
			);
			name = "[CP] Embed Pods Frameworks";
			outputPaths = (
			);
			runOnlyForDeploymentPostprocessing = 0;
			shellPath = /bin/sh;
			shellScript = "\"${SRCROOT}/Pods/Target Support Files/Pods-Yak-YakUITests/Pods-Yak-YakUITests-frameworks.sh\"\n";
			showEnvVarsInLog = 0;
		};
		29C2B36183F6FC45670E500C /* [CP] Copy Pods Resources */ = {
			isa = PBXShellScriptBuildPhase;
			buildActionMask = 2147483647;
			files = (
			);
			inputPaths = (
			);
			name = "[CP] Copy Pods Resources";
			outputPaths = (
			);
			runOnlyForDeploymentPostprocessing = 0;
			shellPath = /bin/sh;
			shellScript = "\"${SRCROOT}/Pods/Target Support Files/Pods-Yak/Pods-Yak-resources.sh\"\n";
			showEnvVarsInLog = 0;
		};
		86F35E5502532DA00D6E7548 /* [CP] Copy Pods Resources */ = {
			isa = PBXShellScriptBuildPhase;
			buildActionMask = 2147483647;
			files = (
			);
			inputPaths = (
			);
			name = "[CP] Copy Pods Resources";
			outputPaths = (
			);
			runOnlyForDeploymentPostprocessing = 0;
			shellPath = /bin/sh;
			shellScript = "\"${SRCROOT}/Pods/Target Support Files/Pods-YakTests/Pods-YakTests-resources.sh\"\n";
			showEnvVarsInLog = 0;
		};
		B557E56C37439C407F0146CC /* [CP] Check Pods Manifest.lock */ = {
			isa = PBXShellScriptBuildPhase;
			buildActionMask = 2147483647;
			files = (
			);
			inputPaths = (
			);
			name = "[CP] Check Pods Manifest.lock";
			outputPaths = (
			);
			runOnlyForDeploymentPostprocessing = 0;
			shellPath = /bin/sh;
			shellScript = "diff \"${PODS_PODFILE_DIR_PATH}/Podfile.lock\" \"${PODS_ROOT}/Manifest.lock\" > /dev/null\nif [ $? != 0 ] ; then\n    # print error to STDERR\n    echo \"error: The sandbox is not in sync with the Podfile.lock. Run 'pod install' or update your CocoaPods installation.\" >&2\n    exit 1\nfi\n";
			showEnvVarsInLog = 0;
		};
		BE6800A545986A2171C3AFA4 /* [CP] Embed Pods Frameworks */ = {
			isa = PBXShellScriptBuildPhase;
			buildActionMask = 2147483647;
			files = (
			);
			inputPaths = (
			);
			name = "[CP] Embed Pods Frameworks";
			outputPaths = (
			);
			runOnlyForDeploymentPostprocessing = 0;
			shellPath = /bin/sh;
			shellScript = "\"${SRCROOT}/Pods/Target Support Files/Pods-Yak/Pods-Yak-frameworks.sh\"\n";
			showEnvVarsInLog = 0;
		};
		E857226BF9D6B7521291AD8B /* [CP] Embed Pods Frameworks */ = {
			isa = PBXShellScriptBuildPhase;
			buildActionMask = 2147483647;
			files = (
			);
			inputPaths = (
			);
			name = "[CP] Embed Pods Frameworks";
			outputPaths = (
			);
			runOnlyForDeploymentPostprocessing = 0;
			shellPath = /bin/sh;
			shellScript = "\"${SRCROOT}/Pods/Target Support Files/Pods-YakTests/Pods-YakTests-frameworks.sh\"\n";
			showEnvVarsInLog = 0;
		};
		F4F047CC8F60D31A43858C37 /* [CP] Check Pods Manifest.lock */ = {
			isa = PBXShellScriptBuildPhase;
			buildActionMask = 2147483647;
			files = (
			);
			inputPaths = (
			);
			name = "[CP] Check Pods Manifest.lock";
			outputPaths = (
			);
			runOnlyForDeploymentPostprocessing = 0;
			shellPath = /bin/sh;
			shellScript = "diff \"${PODS_PODFILE_DIR_PATH}/Podfile.lock\" \"${PODS_ROOT}/Manifest.lock\" > /dev/null\nif [ $? != 0 ] ; then\n    # print error to STDERR\n    echo \"error: The sandbox is not in sync with the Podfile.lock. Run 'pod install' or update your CocoaPods installation.\" >&2\n    exit 1\nfi\n";
			showEnvVarsInLog = 0;
		};
/* End PBXShellScriptBuildPhase section */

/* Begin PBXSourcesBuildPhase section */
		5E5AD7E31F2ABF0900C47EE0 /* Sources */ = {
			isa = PBXSourcesBuildPhase;
			buildActionMask = 2147483647;
			files = (
				5E5DD99B1F2C5C5200A5BBFD /* ChatVC.swift in Sources */,
				5E5AD7ED1F2ABF0900C47EE0 /* ViewController.swift in Sources */,
				5E17FDF71F2CB17500FF3642 /* LoginVCView.swift in Sources */,
				5E2231351F2C6C15006DBB17 /* GradientView.swift in Sources */,
				5E17FDFB1F2CC6E900FF3642 /* RegisterVC.swift in Sources */,
				5E5AD7EB1F2ABF0900C47EE0 /* AppDelegate.swift in Sources */,
				5E2231381F2C75A9006DBB17 /* Constants.swift in Sources */,
				5E5DD9961F2C599200A5BBFD /* SWRevealViewController.m in Sources */,
				5E5DD99D1F2C5C6400A5BBFD /* ChannelVC.swift in Sources */,
				5E22313A1F2C7B98006DBB17 /* Extension.swift in Sources */,
				5E17FDF91F2CB42400FF3642 /* FloatingTextFeild.swift in Sources */,
			);
			runOnlyForDeploymentPostprocessing = 0;
		};
		5E5AD7F71F2ABF0900C47EE0 /* Sources */ = {
			isa = PBXSourcesBuildPhase;
			buildActionMask = 2147483647;
			files = (
				5E5AD8001F2ABF0900C47EE0 /* YakTests.swift in Sources */,
			);
			runOnlyForDeploymentPostprocessing = 0;
		};
		5E5AD8021F2ABF0900C47EE0 /* Sources */ = {
			isa = PBXSourcesBuildPhase;
			buildActionMask = 2147483647;
			files = (
				5E5AD80B1F2ABF0900C47EE0 /* YakUITests.swift in Sources */,
			);
			runOnlyForDeploymentPostprocessing = 0;
		};
/* End PBXSourcesBuildPhase section */

/* Begin PBXTargetDependency section */
		5E5AD7FD1F2ABF0900C47EE0 /* PBXTargetDependency */ = {
			isa = PBXTargetDependency;
			target = 5E5AD7E61F2ABF0900C47EE0 /* Yak */;
			targetProxy = 5E5AD7FC1F2ABF0900C47EE0 /* PBXContainerItemProxy */;
		};
		5E5AD8081F2ABF0900C47EE0 /* PBXTargetDependency */ = {
			isa = PBXTargetDependency;
			target = 5E5AD7E61F2ABF0900C47EE0 /* Yak */;
			targetProxy = 5E5AD8071F2ABF0900C47EE0 /* PBXContainerItemProxy */;
		};
/* End PBXTargetDependency section */

/* Begin PBXVariantGroup section */
		5E5AD7EE1F2ABF0900C47EE0 /* Main.storyboard */ = {
			isa = PBXVariantGroup;
			children = (
				5E5AD7EF1F2ABF0900C47EE0 /* Base */,
			);
			name = Main.storyboard;
			sourceTree = "<group>";
		};
		5E5AD7F31F2ABF0900C47EE0 /* LaunchScreen.storyboard */ = {
			isa = PBXVariantGroup;
			children = (
				5E5AD7F41F2ABF0900C47EE0 /* Base */,
			);
			name = LaunchScreen.storyboard;
			sourceTree = "<group>";
		};
/* End PBXVariantGroup section */

/* Begin XCBuildConfiguration section */
		5E5AD80D1F2ABF0900C47EE0 /* Debug */ = {
			isa = XCBuildConfiguration;
			buildSettings = {
				ALWAYS_SEARCH_USER_PATHS = NO;
				CLANG_ANALYZER_NONNULL = YES;
				CLANG_ANALYZER_NUMBER_OBJECT_CONVERSION = YES_AGGRESSIVE;
				CLANG_CXX_LANGUAGE_STANDARD = "gnu++14";
				CLANG_CXX_LIBRARY = "libc++";
				CLANG_ENABLE_MODULES = YES;
				CLANG_ENABLE_OBJC_ARC = YES;
				CLANG_WARN_BLOCK_CAPTURE_AUTORELEASING = YES;
				CLANG_WARN_BOOL_CONVERSION = YES;
				CLANG_WARN_COMMA = YES;
				CLANG_WARN_CONSTANT_CONVERSION = YES;
				CLANG_WARN_DIRECT_OBJC_ISA_USAGE = YES_ERROR;
				CLANG_WARN_DOCUMENTATION_COMMENTS = YES;
				CLANG_WARN_EMPTY_BODY = YES;
				CLANG_WARN_ENUM_CONVERSION = YES;
				CLANG_WARN_INFINITE_RECURSION = YES;
				CLANG_WARN_INT_CONVERSION = YES;
				CLANG_WARN_OBJC_ROOT_CLASS = YES_ERROR;
				CLANG_WARN_RANGE_LOOP_ANALYSIS = YES;
				CLANG_WARN_STRICT_PROTOTYPES = YES;
				CLANG_WARN_SUSPICIOUS_MOVE = YES;
				CLANG_WARN_UNGUARDED_AVAILABILITY = YES_AGGRESSIVE;
				CLANG_WARN_UNREACHABLE_CODE = YES;
				CLANG_WARN__DUPLICATE_METHOD_MATCH = YES;
				CODE_SIGN_IDENTITY = "iPhone Developer";
				COPY_PHASE_STRIP = NO;
				DEBUG_INFORMATION_FORMAT = dwarf;
				ENABLE_STRICT_OBJC_MSGSEND = YES;
				ENABLE_TESTABILITY = YES;
				GCC_C_LANGUAGE_STANDARD = gnu11;
				GCC_DYNAMIC_NO_PIC = NO;
				GCC_NO_COMMON_BLOCKS = YES;
				GCC_OPTIMIZATION_LEVEL = 0;
				GCC_PREPROCESSOR_DEFINITIONS = (
					"DEBUG=1",
					"$(inherited)",
				);
				GCC_WARN_64_TO_32_BIT_CONVERSION = YES;
				GCC_WARN_ABOUT_RETURN_TYPE = YES_ERROR;
				GCC_WARN_UNDECLARED_SELECTOR = YES;
				GCC_WARN_UNINITIALIZED_AUTOS = YES_AGGRESSIVE;
				GCC_WARN_UNUSED_FUNCTION = YES;
				GCC_WARN_UNUSED_VARIABLE = YES;
				IPHONEOS_DEPLOYMENT_TARGET = 11.0;
				MTL_ENABLE_DEBUG_INFO = YES;
				ONLY_ACTIVE_ARCH = YES;
				SDKROOT = iphoneos;
				SWIFT_ACTIVE_COMPILATION_CONDITIONS = DEBUG;
				SWIFT_OPTIMIZATION_LEVEL = "-Onone";
			};
			name = Debug;
		};
		5E5AD80E1F2ABF0900C47EE0 /* Release */ = {
			isa = XCBuildConfiguration;
			buildSettings = {
				ALWAYS_SEARCH_USER_PATHS = NO;
				CLANG_ANALYZER_NONNULL = YES;
				CLANG_ANALYZER_NUMBER_OBJECT_CONVERSION = YES_AGGRESSIVE;
				CLANG_CXX_LANGUAGE_STANDARD = "gnu++14";
				CLANG_CXX_LIBRARY = "libc++";
				CLANG_ENABLE_MODULES = YES;
				CLANG_ENABLE_OBJC_ARC = YES;
				CLANG_WARN_BLOCK_CAPTURE_AUTORELEASING = YES;
				CLANG_WARN_BOOL_CONVERSION = YES;
				CLANG_WARN_COMMA = YES;
				CLANG_WARN_CONSTANT_CONVERSION = YES;
				CLANG_WARN_DIRECT_OBJC_ISA_USAGE = YES_ERROR;
				CLANG_WARN_DOCUMENTATION_COMMENTS = YES;
				CLANG_WARN_EMPTY_BODY = YES;
				CLANG_WARN_ENUM_CONVERSION = YES;
				CLANG_WARN_INFINITE_RECURSION = YES;
				CLANG_WARN_INT_CONVERSION = YES;
				CLANG_WARN_OBJC_ROOT_CLASS = YES_ERROR;
				CLANG_WARN_RANGE_LOOP_ANALYSIS = YES;
				CLANG_WARN_STRICT_PROTOTYPES = YES;
				CLANG_WARN_SUSPICIOUS_MOVE = YES;
				CLANG_WARN_UNGUARDED_AVAILABILITY = YES_AGGRESSIVE;
				CLANG_WARN_UNREACHABLE_CODE = YES;
				CLANG_WARN__DUPLICATE_METHOD_MATCH = YES;
				CODE_SIGN_IDENTITY = "iPhone Developer";
				COPY_PHASE_STRIP = NO;
				DEBUG_INFORMATION_FORMAT = "dwarf-with-dsym";
				ENABLE_NS_ASSERTIONS = NO;
				ENABLE_STRICT_OBJC_MSGSEND = YES;
				GCC_C_LANGUAGE_STANDARD = gnu11;
				GCC_NO_COMMON_BLOCKS = YES;
				GCC_WARN_64_TO_32_BIT_CONVERSION = YES;
				GCC_WARN_ABOUT_RETURN_TYPE = YES_ERROR;
				GCC_WARN_UNDECLARED_SELECTOR = YES;
				GCC_WARN_UNINITIALIZED_AUTOS = YES_AGGRESSIVE;
				GCC_WARN_UNUSED_FUNCTION = YES;
				GCC_WARN_UNUSED_VARIABLE = YES;
				IPHONEOS_DEPLOYMENT_TARGET = 11.0;
				MTL_ENABLE_DEBUG_INFO = NO;
				SDKROOT = iphoneos;
				SWIFT_OPTIMIZATION_LEVEL = "-Owholemodule";
				VALIDATE_PRODUCT = YES;
			};
			name = Release;
		};
		5E5AD8101F2ABF0900C47EE0 /* Debug */ = {
			isa = XCBuildConfiguration;
			baseConfigurationReference = 5695D5086F7DA50C30E90B85 /* Pods-Yak.debug.xcconfig */;
			buildSettings = {
				ASSETCATALOG_COMPILER_APPICON_NAME = AppIcon;
				CLANG_ENABLE_MODULES = YES;
				DEVELOPMENT_TEAM = XG8766C4Q9;
				INFOPLIST_FILE = Yak/Info.plist;
				LD_RUNPATH_SEARCH_PATHS = "$(inherited) @executable_path/Frameworks";
				PRODUCT_BUNDLE_IDENTIFIER = za.immedia.Yak;
				PRODUCT_NAME = "$(TARGET_NAME)";
				SWIFT_OBJC_BRIDGING_HEADER = "Yak-Bridging-Header.h";
				SWIFT_OPTIMIZATION_LEVEL = "-Onone";
				SWIFT_SWIFT3_OBJC_INFERENCE = On;
				SWIFT_VERSION = 4.0;
				TARGETED_DEVICE_FAMILY = "1,2";
			};
			name = Debug;
		};
		5E5AD8111F2ABF0900C47EE0 /* Release */ = {
			isa = XCBuildConfiguration;
			baseConfigurationReference = 53B398DB8ADF3EE7DF7F6292 /* Pods-Yak.release.xcconfig */;
			buildSettings = {
				ASSETCATALOG_COMPILER_APPICON_NAME = AppIcon;
				CLANG_ENABLE_MODULES = YES;
				DEVELOPMENT_TEAM = XG8766C4Q9;
				INFOPLIST_FILE = Yak/Info.plist;
				LD_RUNPATH_SEARCH_PATHS = "$(inherited) @executable_path/Frameworks";
				PRODUCT_BUNDLE_IDENTIFIER = za.immedia.Yak;
				PRODUCT_NAME = "$(TARGET_NAME)";
				SWIFT_OBJC_BRIDGING_HEADER = "Yak-Bridging-Header.h";
				SWIFT_SWIFT3_OBJC_INFERENCE = On;
				SWIFT_VERSION = 4.0;
				TARGETED_DEVICE_FAMILY = "1,2";
			};
			name = Release;
		};
		5E5AD8131F2ABF0900C47EE0 /* Debug */ = {
			isa = XCBuildConfiguration;
			baseConfigurationReference = 6AC45C82ECBF1FBC08B2B1E5 /* Pods-YakTests.debug.xcconfig */;
			buildSettings = {
				ALWAYS_EMBED_SWIFT_STANDARD_LIBRARIES = YES;
				BUNDLE_LOADER = "$(TEST_HOST)";
				DEVELOPMENT_TEAM = XG8766C4Q9;
				INFOPLIST_FILE = YakTests/Info.plist;
				LD_RUNPATH_SEARCH_PATHS = "$(inherited) @executable_path/Frameworks @loader_path/Frameworks";
				PRODUCT_BUNDLE_IDENTIFIER = za.immedia.YakTests;
				PRODUCT_NAME = "$(TARGET_NAME)";
				SWIFT_SWIFT3_OBJC_INFERENCE = On;
				SWIFT_VERSION = 4.0;
				TARGETED_DEVICE_FAMILY = "1,2";
				TEST_HOST = "$(BUILT_PRODUCTS_DIR)/Yak.app/Yak";
			};
			name = Debug;
		};
		5E5AD8141F2ABF0900C47EE0 /* Release */ = {
			isa = XCBuildConfiguration;
			baseConfigurationReference = E9603F97F71C3D62436A229D /* Pods-YakTests.release.xcconfig */;
			buildSettings = {
				ALWAYS_EMBED_SWIFT_STANDARD_LIBRARIES = YES;
				BUNDLE_LOADER = "$(TEST_HOST)";
				DEVELOPMENT_TEAM = XG8766C4Q9;
				INFOPLIST_FILE = YakTests/Info.plist;
				LD_RUNPATH_SEARCH_PATHS = "$(inherited) @executable_path/Frameworks @loader_path/Frameworks";
				PRODUCT_BUNDLE_IDENTIFIER = za.immedia.YakTests;
				PRODUCT_NAME = "$(TARGET_NAME)";
				SWIFT_SWIFT3_OBJC_INFERENCE = On;
				SWIFT_VERSION = 4.0;
				TARGETED_DEVICE_FAMILY = "1,2";
				TEST_HOST = "$(BUILT_PRODUCTS_DIR)/Yak.app/Yak";
			};
			name = Release;
		};
		5E5AD8161F2ABF0900C47EE0 /* Debug */ = {
			isa = XCBuildConfiguration;
			baseConfigurationReference = A025D3DAC03E18424E247D76 /* Pods-Yak-YakUITests.debug.xcconfig */;
			buildSettings = {
				ALWAYS_EMBED_SWIFT_STANDARD_LIBRARIES = YES;
				DEVELOPMENT_TEAM = XG8766C4Q9;
				INFOPLIST_FILE = YakUITests/Info.plist;
				LD_RUNPATH_SEARCH_PATHS = "$(inherited) @executable_path/Frameworks @loader_path/Frameworks";
				PRODUCT_BUNDLE_IDENTIFIER = za.immedia.YakUITests;
				PRODUCT_NAME = "$(TARGET_NAME)";
				SWIFT_SWIFT3_OBJC_INFERENCE = On;
				SWIFT_VERSION = 4.0;
				TARGETED_DEVICE_FAMILY = "1,2";
				TEST_TARGET_NAME = Yak;
			};
			name = Debug;
		};
		5E5AD8171F2ABF0900C47EE0 /* Release */ = {
			isa = XCBuildConfiguration;
			baseConfigurationReference = 0F6F0BBC760D2CB0ABB4AB5E /* Pods-Yak-YakUITests.release.xcconfig */;
			buildSettings = {
				ALWAYS_EMBED_SWIFT_STANDARD_LIBRARIES = YES;
				DEVELOPMENT_TEAM = XG8766C4Q9;
				INFOPLIST_FILE = YakUITests/Info.plist;
				LD_RUNPATH_SEARCH_PATHS = "$(inherited) @executable_path/Frameworks @loader_path/Frameworks";
				PRODUCT_BUNDLE_IDENTIFIER = za.immedia.YakUITests;
				PRODUCT_NAME = "$(TARGET_NAME)";
				SWIFT_SWIFT3_OBJC_INFERENCE = On;
				SWIFT_VERSION = 4.0;
				TARGETED_DEVICE_FAMILY = "1,2";
				TEST_TARGET_NAME = Yak;
			};
			name = Release;
		};
/* End XCBuildConfiguration section */

/* Begin XCConfigurationList section */
		5E5AD7E21F2ABF0900C47EE0 /* Build configuration list for PBXProject "Yak" */ = {
			isa = XCConfigurationList;
			buildConfigurations = (
				5E5AD80D1F2ABF0900C47EE0 /* Debug */,
				5E5AD80E1F2ABF0900C47EE0 /* Release */,
			);
			defaultConfigurationIsVisible = 0;
			defaultConfigurationName = Release;
		};
		5E5AD80F1F2ABF0900C47EE0 /* Build configuration list for PBXNativeTarget "Yak" */ = {
			isa = XCConfigurationList;
			buildConfigurations = (
				5E5AD8101F2ABF0900C47EE0 /* Debug */,
				5E5AD8111F2ABF0900C47EE0 /* Release */,
			);
			defaultConfigurationIsVisible = 0;
			defaultConfigurationName = Release;
		};
		5E5AD8121F2ABF0900C47EE0 /* Build configuration list for PBXNativeTarget "YakTests" */ = {
			isa = XCConfigurationList;
			buildConfigurations = (
				5E5AD8131F2ABF0900C47EE0 /* Debug */,
				5E5AD8141F2ABF0900C47EE0 /* Release */,
			);
			defaultConfigurationIsVisible = 0;
			defaultConfigurationName = Release;
		};
		5E5AD8151F2ABF0900C47EE0 /* Build configuration list for PBXNativeTarget "YakUITests" */ = {
			isa = XCConfigurationList;
			buildConfigurations = (
				5E5AD8161F2ABF0900C47EE0 /* Debug */,
				5E5AD8171F2ABF0900C47EE0 /* Release */,
			);
			defaultConfigurationIsVisible = 0;
			defaultConfigurationName = Release;
		};
/* End XCConfigurationList section */
	};
	rootObject = 5E5AD7DF1F2ABF0900C47EE0 /* Project object */;
}
